<?xml version="1.0" encoding="utf-8"?>
<Project ToolsVersion="17.0" xmlns="http://schemas.microsoft.com/developer/msbuild/2003">
  <ItemGroup>
    <ClCompile Include="..\..\Source\Game.Gen.cpp" />
    <ClInclude Include="..\..\Source\Game.Gen.h" />
    <Filter Include="Game">
      <UniqueIdentifier>{6BE3155F-79F3-4435-AC2C-C4ACEFC99550}</UniqueIdentifier>
    </Filter>
    <ClCompile Include="..\..\Source\Game\GameManager.cpp">
      <Filter>Game</Filter>
    </ClCompile>
    <ClInclude Include="..\..\Source\Game\GameManager.h">
      <Filter>Game</Filter>
    </ClInclude>
    <ClInclude Include="..\..\Source\Game\ICanReset.h">
      <Filter>Game</Filter>
    </ClInclude>
    <ClCompile Include="..\..\Source\Game\ICanTakeDamage.cpp">
      <Filter>Game</Filter>
    </ClCompile>
    <ClInclude Include="..\..\Source\Game\ICanTakeDamage.h">
      <Filter>Game</Filter>
    </ClInclude>
    <ClCompile Include="..\..\Source\Game\LauncherEnemy.cpp">
      <Filter>Game</Filter>
    </ClCompile>
    <ClInclude Include="..\..\Source\Game\LauncherEnemy.h">
      <Filter>Game</Filter>
    </ClInclude>
    <ClCompile Include="..\..\Source\Game\Missile.cpp">
      <Filter>Game</Filter>
    </ClCompile>
    <ClInclude Include="..\..\Source\Game\Missile.h">
      <Filter>Game</Filter>
    </ClInclude>
    <ClCompile Include="..\..\Source\Game\MovingEnemy.cpp">
      <Filter>Game</Filter>
    </ClCompile>
    <ClInclude Include="..\..\Source\Game\MovingEnemy.h">
      <Filter>Game</Filter>
    </ClInclude>
    <ClCompile Include="..\..\Source\Game\PlayerController.cpp">
      <Filter>Game</Filter>
    </ClCompile>
    <ClInclude Include="..\..\Source\Game\PlayerController.h">
      <Filter>Game</Filter>
    </ClInclude>
    <ClCompile Include="..\..\Source\Game\PlayerWeapon.cpp">
      <Filter>Game</Filter>
    </ClCompile>
    <ClInclude Include="..\..\Source\Game\PlayerWeapon.h">
      <Filter>Game</Filter>
    </ClInclude>
    <ClCompile Include="..\..\Source\Game\Projectile.cpp">
      <Filter>Game</Filter>
    </ClCompile>
    <ClInclude Include="..\..\Source\Game\Projectile.h">
      <Filter>Game</Filter>
    </ClInclude>
    <ClCompile Include="..\..\Source\Game\TestScript.cpp">
      <Filter>Game</Filter>
    </ClCompile>
    <ClInclude Include="..\..\Source\Game\TestScript.h">
      <Filter>Game</Filter>
    </ClInclude>
    <ClCompile Include="..\..\Source\Game\TurretEnemy.cpp">
      <Filter>Game</Filter>
    </ClCompile>
    <ClInclude Include="..\..\Source\Game\TurretEnemy.h">
      <Filter>Game</Filter>
    </ClInclude>
    <Filter Include="obj">
      <UniqueIdentifier>{6BF10B3F-C50B-448D-AAD9-BCEAC5AA3006}</UniqueIdentifier>
    </Filter>
    <None Include="..\..\Source\obj\Game.csproj.nuget.dgspec.json">
      <Filter>obj</Filter>
    </None>
    <None Include="..\..\Source\obj\Game.csproj.nuget.g.props">
      <Filter>obj</Filter>
    </None>
    <None Include="..\..\Source\obj\Game.csproj.nuget.g.targets">
      <Filter>obj</Filter>
    </None>
    <None Include="..\..\Source\obj\project.assets.json">
      <Filter>obj</Filter>
    </None>
    <None Include="..\..\Source\obj\project.nuget.cache">
      <Filter>obj</Filter>
    </None>
    <Filter Include="Properties">
      <UniqueIdentifier>{84AA8A9B-CEC4-46F7-9835-4FFB2F9837A4}</UniqueIdentifier>
    </Filter>
    <None Include="..\..\Source\Properties\launchSettings.json">
      <Filter>Properties</Filter>
    </None>
  </ItemGroup>
</Project>
