<?xml version="1.0" encoding="utf-8"?>
<Project ToolsVersion="17.0" xmlns="http://schemas.microsoft.com/developer/msbuild/2003">
  <ItemGroup>
    <ClCompile Include="..\..\Source\Game.Gen.cpp" />
    <ClInclude Include="..\..\Source\Game.Gen.h" />
    <Filter Include="Game">
      <UniqueIdentifier>{A190323B-6BBD-4C4A-BA4A-A1F10069B5EB}</UniqueIdentifier>
    </Filter>
    <ClCompile Include="..\..\Source\Game\Explodes.cpp">
      <Filter>Game</Filter>
    </ClCompile>
    <ClInclude Include="..\..\Source\Game\Explodes.h">
      <Filter>Game</Filter>
    </ClInclude>
    <ClCompile Include="..\..\Source\Game\ExplosionDestroySelf.cpp">
      <Filter>Game</Filter>
    </ClCompile>
    <ClInclude Include="..\..\Source\Game\ExplosionDestroySelf.h">
      <Filter>Game</Filter>
    </ClInclude>
    <ClCompile Include="..\..\Source\Game\FloatingMine.cpp">
      <Filter>Game</Filter>
    </ClCompile>
    <ClInclude Include="..\..\Source\Game\FloatingMine.h">
      <Filter>Game</Filter>
    </ClInclude>
    <ClCompile Include="..\..\Source\Game\GameManager.cpp">
      <Filter>Game</Filter>
    </ClCompile>
    <ClInclude Include="..\..\Source\Game\GameManager.h">
      <Filter>Game</Filter>
    </ClInclude>
    <ClCompile Include="..\..\Source\Game\LauncherEnemy.cpp">
      <Filter>Game</Filter>
    </ClCompile>
    <ClInclude Include="..\..\Source\Game\LauncherEnemy.h">
      <Filter>Game</Filter>
    </ClInclude>
    <ClCompile Include="..\..\Source\Game\MineSpawner.cpp">
      <Filter>Game</Filter>
    </ClCompile>
    <ClInclude Include="..\..\Source\Game\MineSpawner.h">
      <Filter>Game</Filter>
    </ClInclude>
    <ClCompile Include="..\..\Source\Game\MovingEnemy.cpp">
      <Filter>Game</Filter>
    </ClCompile>
    <ClInclude Include="..\..\Source\Game\MovingEnemy.h">
      <Filter>Game</Filter>
    </ClInclude>
    <ClCompile Include="..\..\Source\Game\Pickup.cpp">
      <Filter>Game</Filter>
    </ClCompile>
    <ClInclude Include="..\..\Source\Game\Pickup.h">
      <Filter>Game</Filter>
    </ClInclude>
    <ClCompile Include="..\..\Source\Game\PlayerController.cpp">
      <Filter>Game</Filter>
    </ClCompile>
    <ClInclude Include="..\..\Source\Game\PlayerController.h">
      <Filter>Game</Filter>
    </ClInclude>
    <ClCompile Include="..\..\Source\Game\PlayerWeapon.cpp">
      <Filter>Game</Filter>
    </ClCompile>
    <ClInclude Include="..\..\Source\Game\PlayerWeapon.h">
      <Filter>Game</Filter>
    </ClInclude>
    <ClCompile Include="..\..\Source\Game\Projectile.cpp">
      <Filter>Game</Filter>
    </ClCompile>
    <ClInclude Include="..\..\Source\Game\Projectile.h">
      <Filter>Game</Filter>
    </ClInclude>
    <ClCompile Include="..\..\Source\Game\Rocket.cpp">
      <Filter>Game</Filter>
    </ClCompile>
    <ClInclude Include="..\..\Source\Game\Rocket.h">
      <Filter>Game</Filter>
    </ClInclude>
    <ClCompile Include="..\..\Source\Game\RotateObject.cpp">
      <Filter>Game</Filter>
    </ClCompile>
    <ClInclude Include="..\..\Source\Game\RotateObject.h">
      <Filter>Game</Filter>
    </ClInclude>
    <ClCompile Include="..\..\Source\Game\ShotHandler.cpp">
      <Filter>Game</Filter>
    </ClCompile>
    <ClInclude Include="..\..\Source\Game\ShotHandler.h">
      <Filter>Game</Filter>
    </ClInclude>
    <ClCompile Include="..\..\Source\Game\TurretEnemy.cpp">
      <Filter>Game</Filter>
    </ClCompile>
    <ClInclude Include="..\..\Source\Game\TurretEnemy.h">
      <Filter>Game</Filter>
    </ClInclude>
    <Filter Include="obj">
      <UniqueIdentifier>{D85BF8B2-542C-4AB0-898B-A9A3A79D6AE5}</UniqueIdentifier>
    </Filter>
    <None Include="..\..\Source\obj\Game.csproj.nuget.dgspec.json">
      <Filter>obj</Filter>
    </None>
    <None Include="..\..\Source\obj\Game.csproj.nuget.g.props">
      <Filter>obj</Filter>
    </None>
    <None Include="..\..\Source\obj\Game.csproj.nuget.g.targets">
      <Filter>obj</Filter>
    </None>
    <None Include="..\..\Source\obj\project.assets.json">
      <Filter>obj</Filter>
    </None>
    <None Include="..\..\Source\obj\project.nuget.cache">
      <Filter>obj</Filter>
    </None>
    <Filter Include="Properties">
      <UniqueIdentifier>{00A25BBD-8CCC-4894-B630-C0709DA49631}</UniqueIdentifier>
    </Filter>
    <None Include="..\..\Source\Properties\launchSettings.json">
      <Filter>Properties</Filter>
    </None>
  </ItemGroup>
</Project>
