<?xml version="1.0" encoding="utf-8"?>
<Project ToolsVersion="17.0" xmlns="http://schemas.microsoft.com/developer/msbuild/2003">
  <ItemGroup>
    <ClCompile Include="..\..\Source\Game.Gen.cpp" />
    <ClInclude Include="..\..\Source\Game.Gen.h" />
    <Filter Include="Game">
      <UniqueIdentifier>{191D1926-E79E-4030-A133-0FDB911C838D}</UniqueIdentifier>
    </Filter>
    <ClCompile Include="..\..\Source\Game\GameManager.cpp">
      <Filter>Game</Filter>
    </ClCompile>
    <ClInclude Include="..\..\Source\Game\GameManager.h">
      <Filter>Game</Filter>
    </ClInclude>
    <ClInclude Include="..\..\Source\Game\ICanReset.h">
      <Filter>Game</Filter>
    </ClInclude>
    <ClCompile Include="..\..\Source\Game\ICanTakeDamage.cpp">
      <Filter>Game</Filter>
    </ClCompile>
    <ClInclude Include="..\..\Source\Game\ICanTakeDamage.h">
      <Filter>Game</Filter>
    </ClInclude>
    <ClCompile Include="..\..\Source\Game\PlayerController.cpp">
      <Filter>Game</Filter>
    </ClCompile>
    <ClInclude Include="..\..\Source\Game\PlayerController.h">
      <Filter>Game</Filter>
    </ClInclude>
    <ClCompile Include="..\..\Source\Game\PlayerWeapon.cpp">
      <Filter>Game</Filter>
    </ClCompile>
    <ClInclude Include="..\..\Source\Game\PlayerWeapon.h">
      <Filter>Game</Filter>
    </ClInclude>
    <ClCompile Include="..\..\Source\Game\TestScript.cpp">
      <Filter>Game</Filter>
    </ClCompile>
    <ClInclude Include="..\..\Source\Game\TestScript.h">
      <Filter>Game</Filter>
    </ClInclude>
    <Filter Include="obj">
      <UniqueIdentifier>{58E60DFB-34E2-466D-9715-560FFB00C27C}</UniqueIdentifier>
    </Filter>
    <None Include="..\..\Source\obj\Game.csproj.nuget.dgspec.json">
      <Filter>obj</Filter>
    </None>
    <None Include="..\..\Source\obj\Game.csproj.nuget.g.props">
      <Filter>obj</Filter>
    </None>
    <None Include="..\..\Source\obj\Game.csproj.nuget.g.targets">
      <Filter>obj</Filter>
    </None>
    <None Include="..\..\Source\obj\project.assets.json">
      <Filter>obj</Filter>
    </None>
    <None Include="..\..\Source\obj\project.nuget.cache">
      <Filter>obj</Filter>
    </None>
    <Filter Include="Properties">
      <UniqueIdentifier>{BF8F2E36-FAE4-4AD1-9778-02551A9529BD}</UniqueIdentifier>
    </Filter>
    <None Include="..\..\Source\Properties\launchSettings.json">
      <Filter>Properties</Filter>
    </None>
  </ItemGroup>
</Project>
